
Microsoft Visual Studio Solution File, Format Version 12.00
# Visual Studio 14
VisualStudioVersion = 14.0.25420.1
MinimumVisualStudioVersion = 10.0.40219.1
Project("{FAE04EC0-301F-11D3-BF4B-00C04F79EFBC}") = "HyTestRTDataService", "HyTestRTDataService\HyTestRTDataService.csproj", "{78C8A452-8A2F-4416-B74A-052D73084094}"
EndProject
Project("{FAE04EC0-301F-11D3-BF4B-00C04F79EFBC}") = "HyTestIEInterface", "HyTestIEInterface\HyTestIEInterface.csproj", "{56107191-C952-4278-A900-7FEEC736217F}"
EndProject
Project("{FAE04EC0-301F-11D3-BF4B-00C04F79EFBC}") = "HyTestEtherCAT", "HyTestEtherCAT\HyTestEtherCAT.csproj", "{B7D3E5B0-EC3B-4DE7-878E-8FDEB4250D9B}"
EndProject
Project("{8BC9CEB8-8B4A-11D0-8D11-00A0C91BC942}") = "HyTestEthercatDriver", "HyTestEthercatDriver\ExportClass.vcxproj", "{FED8BCDD-C285-4DC1-BEC2-BEFF907602C3}"
EndProject
Project("{FAE04EC0-301F-11D3-BF4B-00C04F79EFBC}") = "LBIndustrialCtrls", "LBIndustrialCtrls\LBIndustrialCtrls.csproj", "{B4218BC9-9736-42B9-BC99-7903FDBEBA28}"
	ProjectSection(ProjectDependencies) = postProject
		{78C8A452-8A2F-4416-B74A-052D73084094} = {78C8A452-8A2F-4416-B74A-052D73084094}
		{FED8BCDD-C285-4DC1-BEC2-BEFF907602C3} = {FED8BCDD-C285-4DC1-BEC2-BEFF907602C3}
	EndProjectSection
EndProject
Project("{FAE04EC0-301F-11D3-BF4B-00C04F79EFBC}") = "Test", "Test\Test.csproj", "{345C1C77-07DF-4F18-B3ED-2D5AD9CCDD2E}"
EndProject
Global
	GlobalSection(SolutionConfigurationPlatforms) = preSolution
		Debug|Any CPU = Debug|Any CPU
		Debug|x64 = Debug|x64
		Debug|x86 = Debug|x86
		Release|Any CPU = Release|Any CPU
		Release|x64 = Release|x64
		Release|x86 = Release|x86
	EndGlobalSection
	GlobalSection(ProjectConfigurationPlatforms) = postSolution
		{78C8A452-8A2F-4416-B74A-052D73084094}.Debug|Any CPU.ActiveCfg = Debug|Any CPU
		{78C8A452-8A2F-4416-B74A-052D73084094}.Debug|Any CPU.Build.0 = Debug|Any CPU
		{78C8A452-8A2F-4416-B74A-052D73084094}.Debug|x64.ActiveCfg = Debug|Any CPU
		{78C8A452-8A2F-4416-B74A-052D73084094}.Debug|x64.Build.0 = Debug|Any CPU
		{78C8A452-8A2F-4416-B74A-052D73084094}.Debug|x86.ActiveCfg = Debug|Any CPU
		{78C8A452-8A2F-4416-B74A-052D73084094}.Debug|x86.Build.0 = Debug|Any CPU
		{78C8A452-8A2F-4416-B74A-052D73084094}.Release|Any CPU.ActiveCfg = Release|Any CPU
		{78C8A452-8A2F-4416-B74A-052D73084094}.Release|Any CPU.Build.0 = Release|Any CPU
		{78C8A452-8A2F-4416-B74A-052D73084094}.Release|x64.ActiveCfg = Release|Any CPU
		{78C8A452-8A2F-4416-B74A-052D73084094}.Release|x64.Build.0 = Release|Any CPU
		{78C8A452-8A2F-4416-B74A-052D73084094}.Release|x86.ActiveCfg = Release|Any CPU
		{78C8A452-8A2F-4416-B74A-052D73084094}.Release|x86.Build.0 = Release|Any CPU
		{56107191-C952-4278-A900-7FEEC736217F}.Debug|Any CPU.ActiveCfg = Debug|Any CPU
		{56107191-C952-4278-A900-7FEEC736217F}.Debug|Any CPU.Build.0 = Debug|Any CPU
		{56107191-C952-4278-A900-7FEEC736217F}.Debug|x64.ActiveCfg = Debug|Any CPU
		{56107191-C952-4278-A900-7FEEC736217F}.Debug|x64.Build.0 = Debug|Any CPU
		{56107191-C952-4278-A900-7FEEC736217F}.Debug|x86.ActiveCfg = Debug|Any CPU
		{56107191-C952-4278-A900-7FEEC736217F}.Debug|x86.Build.0 = Debug|Any CPU
		{56107191-C952-4278-A900-7FEEC736217F}.Release|Any CPU.ActiveCfg = Release|Any CPU
		{56107191-C952-4278-A900-7FEEC736217F}.Release|Any CPU.Build.0 = Release|Any CPU
		{56107191-C952-4278-A900-7FEEC736217F}.Release|x64.ActiveCfg = Release|Any CPU
		{56107191-C952-4278-A900-7FEEC736217F}.Release|x64.Build.0 = Release|Any CPU
		{56107191-C952-4278-A900-7FEEC736217F}.Release|x86.ActiveCfg = Release|Any CPU
		{56107191-C952-4278-A900-7FEEC736217F}.Release|x86.Build.0 = Release|Any CPU
		{B7D3E5B0-EC3B-4DE7-878E-8FDEB4250D9B}.Debug|Any CPU.ActiveCfg = Debug|Any CPU
		{B7D3E5B0-EC3B-4DE7-878E-8FDEB4250D9B}.Debug|Any CPU.Build.0 = Debug|Any CPU
		{B7D3E5B0-EC3B-4DE7-878E-8FDEB4250D9B}.Debug|x64.ActiveCfg = Debug|Any CPU
		{B7D3E5B0-EC3B-4DE7-878E-8FDEB4250D9B}.Debug|x64.Build.0 = Debug|Any CPU
		{B7D3E5B0-EC3B-4DE7-878E-8FDEB4250D9B}.Debug|x86.ActiveCfg = Debug|Any CPU
		{B7D3E5B0-EC3B-4DE7-878E-8FDEB4250D9B}.Debug|x86.Build.0 = Debug|Any CPU
		{B7D3E5B0-EC3B-4DE7-878E-8FDEB4250D9B}.Release|Any CPU.ActiveCfg = Release|Any CPU
		{B7D3E5B0-EC3B-4DE7-878E-8FDEB4250D9B}.Release|Any CPU.Build.0 = Release|Any CPU
		{B7D3E5B0-EC3B-4DE7-878E-8FDEB4250D9B}.Release|x64.ActiveCfg = Release|Any CPU
		{B7D3E5B0-EC3B-4DE7-878E-8FDEB4250D9B}.Release|x64.Build.0 = Release|Any CPU
		{B7D3E5B0-EC3B-4DE7-878E-8FDEB4250D9B}.Release|x86.ActiveCfg = Release|Any CPU
		{B7D3E5B0-EC3B-4DE7-878E-8FDEB4250D9B}.Release|x86.Build.0 = Release|Any CPU
		{FED8BCDD-C285-4DC1-BEC2-BEFF907602C3}.Debug|Any CPU.ActiveCfg = Debug|Win32
		{FED8BCDD-C285-4DC1-BEC2-BEFF907602C3}.Debug|x64.ActiveCfg = Debug|x64
		{FED8BCDD-C285-4DC1-BEC2-BEFF907602C3}.Debug|x64.Build.0 = Debug|x64
		{FED8BCDD-C285-4DC1-BEC2-BEFF907602C3}.Debug|x86.ActiveCfg = Debug|Win32
		{FED8BCDD-C285-4DC1-BEC2-BEFF907602C3}.Debug|x86.Build.0 = Debug|Win32
		{FED8BCDD-C285-4DC1-BEC2-BEFF907602C3}.Release|Any CPU.ActiveCfg = Release|Win32
		{FED8BCDD-C285-4DC1-BEC2-BEFF907602C3}.Release|x64.ActiveCfg = Release|x64
		{FED8BCDD-C285-4DC1-BEC2-BEFF907602C3}.Release|x64.Build.0 = Release|x64
		{FED8BCDD-C285-4DC1-BEC2-BEFF907602C3}.Release|x86.ActiveCfg = Release|Win32
		{FED8BCDD-C285-4DC1-BEC2-BEFF907602C3}.Release|x86.Build.0 = Release|Win32
		{B4218BC9-9736-42B9-BC99-7903FDBEBA28}.Debug|Any CPU.ActiveCfg = Debug|Any CPU
		{B4218BC9-9736-42B9-BC99-7903FDBEBA28}.Debug|Any CPU.Build.0 = Debug|Any CPU
		{B4218BC9-9736-42B9-BC99-7903FDBEBA28}.Debug|x64.ActiveCfg = Debug|Any CPU
		{B4218BC9-9736-42B9-BC99-7903FDBEBA28}.Debug|x64.Build.0 = Debug|Any CPU
		{B4218BC9-9736-42B9-BC99-7903FDBEBA28}.Debug|x86.ActiveCfg = Debug|Any CPU
		{B4218BC9-9736-42B9-BC99-7903FDBEBA28}.Debug|x86.Build.0 = Debug|Any CPU
		{B4218BC9-9736-42B9-BC99-7903FDBEBA28}.Release|Any CPU.ActiveCfg = Release|Any CPU
		{B4218BC9-9736-42B9-BC99-7903FDBEBA28}.Release|Any CPU.Build.0 = Release|Any CPU
		{B4218BC9-9736-42B9-BC99-7903FDBEBA28}.Release|x64.ActiveCfg = Release|Any CPU
		{B4218BC9-9736-42B9-BC99-7903FDBEBA28}.Release|x64.Build.0 = Release|Any CPU
		{B4218BC9-9736-42B9-BC99-7903FDBEBA28}.Release|x86.ActiveCfg = Release|Any CPU
		{B4218BC9-9736-42B9-BC99-7903FDBEBA28}.Release|x86.Build.0 = Release|Any CPU
		{345C1C77-07DF-4F18-B3ED-2D5AD9CCDD2E}.Debug|Any CPU.ActiveCfg = Debug|Any CPU
		{345C1C77-07DF-4F18-B3ED-2D5AD9CCDD2E}.Debug|Any CPU.Build.0 = Debug|Any CPU
		{345C1C77-07DF-4F18-B3ED-2D5AD9CCDD2E}.Debug|x64.ActiveCfg = Debug|Any CPU
		{345C1C77-07DF-4F18-B3ED-2D5AD9CCDD2E}.Debug|x64.Build.0 = Debug|Any CPU
		{345C1C77-07DF-4F18-B3ED-2D5AD9CCDD2E}.Debug|x86.ActiveCfg = Debug|Any CPU
		{345C1C77-07DF-4F18-B3ED-2D5AD9CCDD2E}.Debug|x86.Build.0 = Debug|Any CPU
		{345C1C77-07DF-4F18-B3ED-2D5AD9CCDD2E}.Release|Any CPU.ActiveCfg = Release|Any CPU
		{345C1C77-07DF-4F18-B3ED-2D5AD9CCDD2E}.Release|Any CPU.Build.0 = Release|Any CPU
		{345C1C77-07DF-4F18-B3ED-2D5AD9CCDD2E}.Release|x64.ActiveCfg = Release|Any CPU
		{345C1C77-07DF-4F18-B3ED-2D5AD9CCDD2E}.Release|x64.Build.0 = Release|Any CPU
		{345C1C77-07DF-4F18-B3ED-2D5AD9CCDD2E}.Release|x86.ActiveCfg = Release|Any CPU
		{345C1C77-07DF-4F18-B3ED-2D5AD9CCDD2E}.Release|x86.Build.0 = Release|Any CPU
	EndGlobalSection
	GlobalSection(SolutionProperties) = preSolution
		HideSolutionNode = FALSE
	EndGlobalSection
EndGlobal
