
Microsoft Visual Studio Solution File, Format Version 12.00
# Visual Studio 14
VisualStudioVersion = 14.0.25420.1
MinimumVisualStudioVersion = 10.0.40219.1
Project("{8BC9CEB8-8B4A-11D0-8D11-00A0C91BC942}") = "soem", "soem\soem.vcxproj", "{C991FAA2-5684-45F4-A2E7-A61F91AF9473}"
EndProject
Project("{8BC9CEB8-8B4A-11D0-8D11-00A0C91BC942}") = "simple_test", "simple_test\simple_test.vcxproj", "{8E473C89-8E3F-44CE-A98C-1CC067314CFA}"
	ProjectSection(ProjectDependencies) = postProject
		{C991FAA2-5684-45F4-A2E7-A61F91AF9473} = {C991FAA2-5684-45F4-A2E7-A61F91AF9473}
	EndProjectSection
EndProject
Project("{8BC9CEB8-8B4A-11D0-8D11-00A0C91BC942}") = "slaveinfo", "slaveinfo\slaveinfo.vcxproj", "{BCFFAEB4-E3A6-40D7-9B95-D7E913B86793}"
	ProjectSection(ProjectDependencies) = postProject
		{C991FAA2-5684-45F4-A2E7-A61F91AF9473} = {C991FAA2-5684-45F4-A2E7-A61F91AF9473}
	EndProjectSection
EndProject
Project("{8BC9CEB8-8B4A-11D0-8D11-00A0C91BC942}") = "ExportClass", "ExportClass\ExportClass.vcxproj", "{FED8BCDD-C285-4DC1-BEC2-BEFF907602C3}"
	ProjectSection(ProjectDependencies) = postProject
		{C88C0985-157C-450A-8B4A-EFC10904C704} = {C88C0985-157C-450A-8B4A-EFC10904C704}
		{C991FAA2-5684-45F4-A2E7-A61F91AF9473} = {C991FAA2-5684-45F4-A2E7-A61F91AF9473}
	EndProjectSection
EndProject
Project("{FAE04EC0-301F-11D3-BF4B-00C04F79EFBC}") = "testConsole", "testConsole\testConsole.csproj", "{8133C6EC-1CED-48E9-8E3E-0C6B1E91EAE7}"
EndProject
Project("{FAE04EC0-301F-11D3-BF4B-00C04F79EFBC}") = "TestForm", "TestForm\TestForm.csproj", "{0D750EA4-A624-4A28-8FA7-E56A0ECECB27}"
EndProject
Project("{8BC9CEB8-8B4A-11D0-8D11-00A0C91BC942}") = "hiredis", "hiredis\hiredis.vcxproj", "{9521D4A3-E7E8-4945-835D-0573A4E2F7DD}"
EndProject
Project("{FAE04EC0-301F-11D3-BF4B-00C04F79EFBC}") = "HyTestRTDataService", "HyTestRTDataService\HyTestRTDataService.csproj", "{78C8A452-8A2F-4416-B74A-052D73084094}"
EndProject
Project("{8BC9CEB8-8B4A-11D0-8D11-00A0C91BC942}") = "HyTestRedisHelper", "HyTestRedisHelper\HyTestRedisHelper.vcxproj", "{C88C0985-157C-450A-8B4A-EFC10904C704}"
EndProject
Project("{FAE04EC0-301F-11D3-BF4B-00C04F79EFBC}") = "HyTestIEEntity", "HyTestIEEntity\HyTestIEEntity.csproj", "{D275FCD2-A4C4-4768-87B8-66DE1DD4275A}"
EndProject
Project("{FAE04EC0-301F-11D3-BF4B-00C04F79EFBC}") = "HyTestIEInterface", "HyTestIEInterface\HyTestIEInterface.csproj", "{56107191-C952-4278-A900-7FEEC736217F}"
EndProject
Project("{FAE04EC0-301F-11D3-BF4B-00C04F79EFBC}") = "HyTestEtherCAT", "HyTestEtherCAT\HyTestEtherCAT.csproj", "{B7D3E5B0-EC3B-4DE7-878E-8FDEB4250D9B}"
EndProject
Global
	GlobalSection(SolutionConfigurationPlatforms) = preSolution
		Debug|Any CPU = Debug|Any CPU
		Debug|x64 = Debug|x64
		Debug|x86 = Debug|x86
		Release|Any CPU = Release|Any CPU
		Release|x64 = Release|x64
		Release|x86 = Release|x86
	EndGlobalSection
	GlobalSection(ProjectConfigurationPlatforms) = postSolution
		{C991FAA2-5684-45F4-A2E7-A61F91AF9473}.Debug|Any CPU.ActiveCfg = Debug|Win32
		{C991FAA2-5684-45F4-A2E7-A61F91AF9473}.Debug|x64.ActiveCfg = Debug|x64
		{C991FAA2-5684-45F4-A2E7-A61F91AF9473}.Debug|x64.Build.0 = Debug|x64
		{C991FAA2-5684-45F4-A2E7-A61F91AF9473}.Debug|x86.ActiveCfg = Debug|Win32
		{C991FAA2-5684-45F4-A2E7-A61F91AF9473}.Debug|x86.Build.0 = Debug|Win32
		{C991FAA2-5684-45F4-A2E7-A61F91AF9473}.Release|Any CPU.ActiveCfg = Release|Win32
		{C991FAA2-5684-45F4-A2E7-A61F91AF9473}.Release|x64.ActiveCfg = Release|x64
		{C991FAA2-5684-45F4-A2E7-A61F91AF9473}.Release|x64.Build.0 = Release|x64
		{C991FAA2-5684-45F4-A2E7-A61F91AF9473}.Release|x86.ActiveCfg = Release|Win32
		{C991FAA2-5684-45F4-A2E7-A61F91AF9473}.Release|x86.Build.0 = Release|Win32
		{8E473C89-8E3F-44CE-A98C-1CC067314CFA}.Debug|Any CPU.ActiveCfg = Debug|Win32
		{8E473C89-8E3F-44CE-A98C-1CC067314CFA}.Debug|x64.ActiveCfg = Debug|x64
		{8E473C89-8E3F-44CE-A98C-1CC067314CFA}.Debug|x64.Build.0 = Debug|x64
		{8E473C89-8E3F-44CE-A98C-1CC067314CFA}.Debug|x86.ActiveCfg = Debug|Win32
		{8E473C89-8E3F-44CE-A98C-1CC067314CFA}.Debug|x86.Build.0 = Debug|Win32
		{8E473C89-8E3F-44CE-A98C-1CC067314CFA}.Release|Any CPU.ActiveCfg = Release|Win32
		{8E473C89-8E3F-44CE-A98C-1CC067314CFA}.Release|x64.ActiveCfg = Release|x64
		{8E473C89-8E3F-44CE-A98C-1CC067314CFA}.Release|x64.Build.0 = Release|x64
		{8E473C89-8E3F-44CE-A98C-1CC067314CFA}.Release|x86.ActiveCfg = Release|Win32
		{8E473C89-8E3F-44CE-A98C-1CC067314CFA}.Release|x86.Build.0 = Release|Win32
		{BCFFAEB4-E3A6-40D7-9B95-D7E913B86793}.Debug|Any CPU.ActiveCfg = Debug|Win32
		{BCFFAEB4-E3A6-40D7-9B95-D7E913B86793}.Debug|x64.ActiveCfg = Debug|x64
		{BCFFAEB4-E3A6-40D7-9B95-D7E913B86793}.Debug|x64.Build.0 = Debug|x64
		{BCFFAEB4-E3A6-40D7-9B95-D7E913B86793}.Debug|x86.ActiveCfg = Debug|Win32
		{BCFFAEB4-E3A6-40D7-9B95-D7E913B86793}.Debug|x86.Build.0 = Debug|Win32
		{BCFFAEB4-E3A6-40D7-9B95-D7E913B86793}.Release|Any CPU.ActiveCfg = Release|Win32
		{BCFFAEB4-E3A6-40D7-9B95-D7E913B86793}.Release|x64.ActiveCfg = Release|x64
		{BCFFAEB4-E3A6-40D7-9B95-D7E913B86793}.Release|x64.Build.0 = Release|x64
		{BCFFAEB4-E3A6-40D7-9B95-D7E913B86793}.Release|x86.ActiveCfg = Release|Win32
		{BCFFAEB4-E3A6-40D7-9B95-D7E913B86793}.Release|x86.Build.0 = Release|Win32
		{FED8BCDD-C285-4DC1-BEC2-BEFF907602C3}.Debug|Any CPU.ActiveCfg = Debug|Win32
		{FED8BCDD-C285-4DC1-BEC2-BEFF907602C3}.Debug|x64.ActiveCfg = Debug|x64
		{FED8BCDD-C285-4DC1-BEC2-BEFF907602C3}.Debug|x64.Build.0 = Debug|x64
		{FED8BCDD-C285-4DC1-BEC2-BEFF907602C3}.Debug|x86.ActiveCfg = Debug|Win32
		{FED8BCDD-C285-4DC1-BEC2-BEFF907602C3}.Debug|x86.Build.0 = Debug|Win32
		{FED8BCDD-C285-4DC1-BEC2-BEFF907602C3}.Release|Any CPU.ActiveCfg = Release|Win32
		{FED8BCDD-C285-4DC1-BEC2-BEFF907602C3}.Release|x64.ActiveCfg = Release|x64
		{FED8BCDD-C285-4DC1-BEC2-BEFF907602C3}.Release|x64.Build.0 = Release|x64
		{FED8BCDD-C285-4DC1-BEC2-BEFF907602C3}.Release|x86.ActiveCfg = Release|Win32
		{FED8BCDD-C285-4DC1-BEC2-BEFF907602C3}.Release|x86.Build.0 = Release|Win32
		{8133C6EC-1CED-48E9-8E3E-0C6B1E91EAE7}.Debug|Any CPU.ActiveCfg = Debug|Any CPU
		{8133C6EC-1CED-48E9-8E3E-0C6B1E91EAE7}.Debug|Any CPU.Build.0 = Debug|Any CPU
		{8133C6EC-1CED-48E9-8E3E-0C6B1E91EAE7}.Debug|x64.ActiveCfg = Debug|Any CPU
		{8133C6EC-1CED-48E9-8E3E-0C6B1E91EAE7}.Debug|x64.Build.0 = Debug|Any CPU
		{8133C6EC-1CED-48E9-8E3E-0C6B1E91EAE7}.Debug|x86.ActiveCfg = Debug|Any CPU
		{8133C6EC-1CED-48E9-8E3E-0C6B1E91EAE7}.Debug|x86.Build.0 = Debug|Any CPU
		{8133C6EC-1CED-48E9-8E3E-0C6B1E91EAE7}.Release|Any CPU.ActiveCfg = Release|Any CPU
		{8133C6EC-1CED-48E9-8E3E-0C6B1E91EAE7}.Release|Any CPU.Build.0 = Release|Any CPU
		{8133C6EC-1CED-48E9-8E3E-0C6B1E91EAE7}.Release|x64.ActiveCfg = Release|Any CPU
		{8133C6EC-1CED-48E9-8E3E-0C6B1E91EAE7}.Release|x64.Build.0 = Release|Any CPU
		{8133C6EC-1CED-48E9-8E3E-0C6B1E91EAE7}.Release|x86.ActiveCfg = Release|Any CPU
		{8133C6EC-1CED-48E9-8E3E-0C6B1E91EAE7}.Release|x86.Build.0 = Release|Any CPU
		{0D750EA4-A624-4A28-8FA7-E56A0ECECB27}.Debug|Any CPU.ActiveCfg = Debug|Any CPU
		{0D750EA4-A624-4A28-8FA7-E56A0ECECB27}.Debug|Any CPU.Build.0 = Debug|Any CPU
		{0D750EA4-A624-4A28-8FA7-E56A0ECECB27}.Debug|x64.ActiveCfg = Debug|Any CPU
		{0D750EA4-A624-4A28-8FA7-E56A0ECECB27}.Debug|x64.Build.0 = Debug|Any CPU
		{0D750EA4-A624-4A28-8FA7-E56A0ECECB27}.Debug|x86.ActiveCfg = Debug|Any CPU
		{0D750EA4-A624-4A28-8FA7-E56A0ECECB27}.Debug|x86.Build.0 = Debug|Any CPU
		{0D750EA4-A624-4A28-8FA7-E56A0ECECB27}.Release|Any CPU.ActiveCfg = Release|Any CPU
		{0D750EA4-A624-4A28-8FA7-E56A0ECECB27}.Release|Any CPU.Build.0 = Release|Any CPU
		{0D750EA4-A624-4A28-8FA7-E56A0ECECB27}.Release|x64.ActiveCfg = Release|Any CPU
		{0D750EA4-A624-4A28-8FA7-E56A0ECECB27}.Release|x64.Build.0 = Release|Any CPU
		{0D750EA4-A624-4A28-8FA7-E56A0ECECB27}.Release|x86.ActiveCfg = Release|Any CPU
		{0D750EA4-A624-4A28-8FA7-E56A0ECECB27}.Release|x86.Build.0 = Release|Any CPU
		{9521D4A3-E7E8-4945-835D-0573A4E2F7DD}.Debug|Any CPU.ActiveCfg = Debug|Win32
		{9521D4A3-E7E8-4945-835D-0573A4E2F7DD}.Debug|x64.ActiveCfg = Debug|x64
		{9521D4A3-E7E8-4945-835D-0573A4E2F7DD}.Debug|x64.Build.0 = Debug|x64
		{9521D4A3-E7E8-4945-835D-0573A4E2F7DD}.Debug|x86.ActiveCfg = Debug|Win32
		{9521D4A3-E7E8-4945-835D-0573A4E2F7DD}.Debug|x86.Build.0 = Debug|Win32
		{9521D4A3-E7E8-4945-835D-0573A4E2F7DD}.Release|Any CPU.ActiveCfg = Release|Win32
		{9521D4A3-E7E8-4945-835D-0573A4E2F7DD}.Release|x64.ActiveCfg = Release|x64
		{9521D4A3-E7E8-4945-835D-0573A4E2F7DD}.Release|x64.Build.0 = Release|x64
		{9521D4A3-E7E8-4945-835D-0573A4E2F7DD}.Release|x86.ActiveCfg = Release|Win32
		{9521D4A3-E7E8-4945-835D-0573A4E2F7DD}.Release|x86.Build.0 = Release|Win32
		{78C8A452-8A2F-4416-B74A-052D73084094}.Debug|Any CPU.ActiveCfg = Debug|Any CPU
		{78C8A452-8A2F-4416-B74A-052D73084094}.Debug|Any CPU.Build.0 = Debug|Any CPU
		{78C8A452-8A2F-4416-B74A-052D73084094}.Debug|x64.ActiveCfg = Debug|Any CPU
		{78C8A452-8A2F-4416-B74A-052D73084094}.Debug|x64.Build.0 = Debug|Any CPU
		{78C8A452-8A2F-4416-B74A-052D73084094}.Debug|x86.ActiveCfg = Debug|Any CPU
		{78C8A452-8A2F-4416-B74A-052D73084094}.Debug|x86.Build.0 = Debug|Any CPU
		{78C8A452-8A2F-4416-B74A-052D73084094}.Release|Any CPU.ActiveCfg = Release|Any CPU
		{78C8A452-8A2F-4416-B74A-052D73084094}.Release|Any CPU.Build.0 = Release|Any CPU
		{78C8A452-8A2F-4416-B74A-052D73084094}.Release|x64.ActiveCfg = Release|Any CPU
		{78C8A452-8A2F-4416-B74A-052D73084094}.Release|x64.Build.0 = Release|Any CPU
		{78C8A452-8A2F-4416-B74A-052D73084094}.Release|x86.ActiveCfg = Release|Any CPU
		{78C8A452-8A2F-4416-B74A-052D73084094}.Release|x86.Build.0 = Release|Any CPU
		{C88C0985-157C-450A-8B4A-EFC10904C704}.Debug|Any CPU.ActiveCfg = Debug|Win32
		{C88C0985-157C-450A-8B4A-EFC10904C704}.Debug|x64.ActiveCfg = Debug|x64
		{C88C0985-157C-450A-8B4A-EFC10904C704}.Debug|x64.Build.0 = Debug|x64
		{C88C0985-157C-450A-8B4A-EFC10904C704}.Debug|x86.ActiveCfg = Debug|Win32
		{C88C0985-157C-450A-8B4A-EFC10904C704}.Debug|x86.Build.0 = Debug|Win32
		{C88C0985-157C-450A-8B4A-EFC10904C704}.Release|Any CPU.ActiveCfg = Release|Win32
		{C88C0985-157C-450A-8B4A-EFC10904C704}.Release|x64.ActiveCfg = Release|x64
		{C88C0985-157C-450A-8B4A-EFC10904C704}.Release|x64.Build.0 = Release|x64
		{C88C0985-157C-450A-8B4A-EFC10904C704}.Release|x86.ActiveCfg = Release|Win32
		{C88C0985-157C-450A-8B4A-EFC10904C704}.Release|x86.Build.0 = Release|Win32
		{D275FCD2-A4C4-4768-87B8-66DE1DD4275A}.Debug|Any CPU.ActiveCfg = Debug|Any CPU
		{D275FCD2-A4C4-4768-87B8-66DE1DD4275A}.Debug|Any CPU.Build.0 = Debug|Any CPU
		{D275FCD2-A4C4-4768-87B8-66DE1DD4275A}.Debug|x64.ActiveCfg = Debug|Any CPU
		{D275FCD2-A4C4-4768-87B8-66DE1DD4275A}.Debug|x64.Build.0 = Debug|Any CPU
		{D275FCD2-A4C4-4768-87B8-66DE1DD4275A}.Debug|x86.ActiveCfg = Debug|Any CPU
		{D275FCD2-A4C4-4768-87B8-66DE1DD4275A}.Debug|x86.Build.0 = Debug|Any CPU
		{D275FCD2-A4C4-4768-87B8-66DE1DD4275A}.Release|Any CPU.ActiveCfg = Release|Any CPU
		{D275FCD2-A4C4-4768-87B8-66DE1DD4275A}.Release|Any CPU.Build.0 = Release|Any CPU
		{D275FCD2-A4C4-4768-87B8-66DE1DD4275A}.Release|x64.ActiveCfg = Release|Any CPU
		{D275FCD2-A4C4-4768-87B8-66DE1DD4275A}.Release|x64.Build.0 = Release|Any CPU
		{D275FCD2-A4C4-4768-87B8-66DE1DD4275A}.Release|x86.ActiveCfg = Release|Any CPU
		{D275FCD2-A4C4-4768-87B8-66DE1DD4275A}.Release|x86.Build.0 = Release|Any CPU
		{56107191-C952-4278-A900-7FEEC736217F}.Debug|Any CPU.ActiveCfg = Debug|Any CPU
		{56107191-C952-4278-A900-7FEEC736217F}.Debug|Any CPU.Build.0 = Debug|Any CPU
		{56107191-C952-4278-A900-7FEEC736217F}.Debug|x64.ActiveCfg = Debug|Any CPU
		{56107191-C952-4278-A900-7FEEC736217F}.Debug|x64.Build.0 = Debug|Any CPU
		{56107191-C952-4278-A900-7FEEC736217F}.Debug|x86.ActiveCfg = Debug|Any CPU
		{56107191-C952-4278-A900-7FEEC736217F}.Debug|x86.Build.0 = Debug|Any CPU
		{56107191-C952-4278-A900-7FEEC736217F}.Release|Any CPU.ActiveCfg = Release|Any CPU
		{56107191-C952-4278-A900-7FEEC736217F}.Release|Any CPU.Build.0 = Release|Any CPU
		{56107191-C952-4278-A900-7FEEC736217F}.Release|x64.ActiveCfg = Release|Any CPU
		{56107191-C952-4278-A900-7FEEC736217F}.Release|x64.Build.0 = Release|Any CPU
		{56107191-C952-4278-A900-7FEEC736217F}.Release|x86.ActiveCfg = Release|Any CPU
		{56107191-C952-4278-A900-7FEEC736217F}.Release|x86.Build.0 = Release|Any CPU
		{B7D3E5B0-EC3B-4DE7-878E-8FDEB4250D9B}.Debug|Any CPU.ActiveCfg = Debug|Any CPU
		{B7D3E5B0-EC3B-4DE7-878E-8FDEB4250D9B}.Debug|Any CPU.Build.0 = Debug|Any CPU
		{B7D3E5B0-EC3B-4DE7-878E-8FDEB4250D9B}.Debug|x64.ActiveCfg = Debug|Any CPU
		{B7D3E5B0-EC3B-4DE7-878E-8FDEB4250D9B}.Debug|x64.Build.0 = Debug|Any CPU
		{B7D3E5B0-EC3B-4DE7-878E-8FDEB4250D9B}.Debug|x86.ActiveCfg = Debug|Any CPU
		{B7D3E5B0-EC3B-4DE7-878E-8FDEB4250D9B}.Debug|x86.Build.0 = Debug|Any CPU
		{B7D3E5B0-EC3B-4DE7-878E-8FDEB4250D9B}.Release|Any CPU.ActiveCfg = Release|Any CPU
		{B7D3E5B0-EC3B-4DE7-878E-8FDEB4250D9B}.Release|Any CPU.Build.0 = Release|Any CPU
		{B7D3E5B0-EC3B-4DE7-878E-8FDEB4250D9B}.Release|x64.ActiveCfg = Release|Any CPU
		{B7D3E5B0-EC3B-4DE7-878E-8FDEB4250D9B}.Release|x64.Build.0 = Release|Any CPU
		{B7D3E5B0-EC3B-4DE7-878E-8FDEB4250D9B}.Release|x86.ActiveCfg = Release|Any CPU
		{B7D3E5B0-EC3B-4DE7-878E-8FDEB4250D9B}.Release|x86.Build.0 = Release|Any CPU
	EndGlobalSection
	GlobalSection(SolutionProperties) = preSolution
		HideSolutionNode = FALSE
	EndGlobalSection
EndGlobal
