
Microsoft Visual Studio Solution File, Format Version 12.00
# Visual Studio Version 16
VisualStudioVersion = 16.0.29306.81
MinimumVisualStudioVersion = 10.0.40219.1
Project("{FAE04EC0-301F-11D3-BF4B-00C04F79EFBC}") = "HyTestRTDataService", "HyTestRTDataService\HyTestRTDataService.csproj", "{78C8A452-8A2F-4416-B74A-052D73084094}"
EndProject
Project("{FAE04EC0-301F-11D3-BF4B-00C04F79EFBC}") = "HyTestIEInterface", "HyTestIEInterface\HyTestIEInterface.csproj", "{56107191-C952-4278-A900-7FEEC736217F}"
EndProject
Project("{FAE04EC0-301F-11D3-BF4B-00C04F79EFBC}") = "HyTestEtherCAT", "HyTestEtherCAT\HyTestEtherCAT.csproj", "{B7D3E5B0-EC3B-4DE7-878E-8FDEB4250D9B}"
EndProject
Project("{8BC9CEB8-8B4A-11D0-8D11-00A0C91BC942}") = "HyTestEthercatDriver", "HyTestEthercatDriver\ExportClass.vcxproj", "{FED8BCDD-C285-4DC1-BEC2-BEFF907602C3}"
EndProject
Project("{FAE04EC0-301F-11D3-BF4B-00C04F79EFBC}") = "LBIndustrialCtrls", "LBIndustrialCtrls\LBIndustrialCtrls.csproj", "{B4218BC9-9736-42B9-BC99-7903FDBEBA28}"
	ProjectSection(ProjectDependencies) = postProject
		{78C8A452-8A2F-4416-B74A-052D73084094} = {78C8A452-8A2F-4416-B74A-052D73084094}
		{FED8BCDD-C285-4DC1-BEC2-BEFF907602C3} = {FED8BCDD-C285-4DC1-BEC2-BEFF907602C3}
	EndProjectSection
EndProject
Project("{FAE04EC0-301F-11D3-BF4B-00C04F79EFBC}") = "Test", "Test\Test.csproj", "{345C1C77-07DF-4F18-B3ED-2D5AD9CCDD2E}"
	ProjectSection(ProjectDependencies) = postProject
		{0A6F2BBB-D406-4531-9A17-BA0943591834} = {0A6F2BBB-D406-4531-9A17-BA0943591834}
	EndProjectSection
EndProject
Project("{2150E333-8FDC-42A3-9474-1A3956D46DE8}") = "TestProject", "TestProject", "{719CACB1-8EAC-4F9A-AD97-784EABBEB794}"
EndProject
Project("{8BC9CEB8-8B4A-11D0-8D11-00A0C91BC942}") = "TestC", "TestC\TestC.vcxproj", "{0A6F2BBB-D406-4531-9A17-BA0943591834}"
EndProject
Project("{FAE04EC0-301F-11D3-BF4B-00C04F79EFBC}") = "HTConfigSystem", "HTConfigSystem\HTConfigSystem.csproj", "{D605D046-A881-46B2-B8F0-1182101A8560}"
EndProject
Project("{2150E333-8FDC-42A3-9474-1A3956D46DE8}") = "ToolKit", "ToolKit", "{A1656595-22C0-45A0-A540-1FE49EBC61F3}"
EndProject
Project("{FAE04EC0-301F-11D3-BF4B-00C04F79EFBC}") = "HTScanner", "HTScanner\HTScanner.csproj", "{A19AD3DC-BAB0-47F9-8D7F-A807DE56DBBE}"
EndProject
Project("{8BC9CEB8-8B4A-11D0-8D11-00A0C91BC942}") = "HyTestEthercatDriver.TEST", "HyTestEthercatDriver.TEST\HyTestEthercatDriver.TEST.vcxproj", "{FD0DEB04-ECED-4018-96E4-85EE7B5533FE}"
EndProject
Global
	GlobalSection(SolutionConfigurationPlatforms) = preSolution
		Debug|Any CPU = Debug|Any CPU
		Debug|x64 = Debug|x64
		Debug|x86 = Debug|x86
		Release|Any CPU = Release|Any CPU
		Release|x64 = Release|x64
		Release|x86 = Release|x86
	EndGlobalSection
	GlobalSection(ProjectConfigurationPlatforms) = postSolution
		{78C8A452-8A2F-4416-B74A-052D73084094}.Debug|Any CPU.ActiveCfg = Debug|Any CPU
		{78C8A452-8A2F-4416-B74A-052D73084094}.Debug|Any CPU.Build.0 = Debug|Any CPU
		{78C8A452-8A2F-4416-B74A-052D73084094}.Debug|x64.ActiveCfg = Debug|Any CPU
		{78C8A452-8A2F-4416-B74A-052D73084094}.Debug|x64.Build.0 = Debug|Any CPU
		{78C8A452-8A2F-4416-B74A-052D73084094}.Debug|x86.ActiveCfg = Debug|Any CPU
		{78C8A452-8A2F-4416-B74A-052D73084094}.Debug|x86.Build.0 = Debug|Any CPU
		{78C8A452-8A2F-4416-B74A-052D73084094}.Release|Any CPU.ActiveCfg = Release|Any CPU
		{78C8A452-8A2F-4416-B74A-052D73084094}.Release|Any CPU.Build.0 = Release|Any CPU
		{78C8A452-8A2F-4416-B74A-052D73084094}.Release|x64.ActiveCfg = Release|Any CPU
		{78C8A452-8A2F-4416-B74A-052D73084094}.Release|x64.Build.0 = Release|Any CPU
		{78C8A452-8A2F-4416-B74A-052D73084094}.Release|x86.ActiveCfg = Release|Any CPU
		{78C8A452-8A2F-4416-B74A-052D73084094}.Release|x86.Build.0 = Release|Any CPU
		{56107191-C952-4278-A900-7FEEC736217F}.Debug|Any CPU.ActiveCfg = Debug|Any CPU
		{56107191-C952-4278-A900-7FEEC736217F}.Debug|Any CPU.Build.0 = Debug|Any CPU
		{56107191-C952-4278-A900-7FEEC736217F}.Debug|x64.ActiveCfg = Debug|Any CPU
		{56107191-C952-4278-A900-7FEEC736217F}.Debug|x64.Build.0 = Debug|Any CPU
		{56107191-C952-4278-A900-7FEEC736217F}.Debug|x86.ActiveCfg = Debug|Any CPU
		{56107191-C952-4278-A900-7FEEC736217F}.Debug|x86.Build.0 = Debug|Any CPU
		{56107191-C952-4278-A900-7FEEC736217F}.Release|Any CPU.ActiveCfg = Release|Any CPU
		{56107191-C952-4278-A900-7FEEC736217F}.Release|Any CPU.Build.0 = Release|Any CPU
		{56107191-C952-4278-A900-7FEEC736217F}.Release|x64.ActiveCfg = Release|Any CPU
		{56107191-C952-4278-A900-7FEEC736217F}.Release|x64.Build.0 = Release|Any CPU
		{56107191-C952-4278-A900-7FEEC736217F}.Release|x86.ActiveCfg = Release|Any CPU
		{56107191-C952-4278-A900-7FEEC736217F}.Release|x86.Build.0 = Release|Any CPU
		{B7D3E5B0-EC3B-4DE7-878E-8FDEB4250D9B}.Debug|Any CPU.ActiveCfg = Debug|Any CPU
		{B7D3E5B0-EC3B-4DE7-878E-8FDEB4250D9B}.Debug|Any CPU.Build.0 = Debug|Any CPU
		{B7D3E5B0-EC3B-4DE7-878E-8FDEB4250D9B}.Debug|x64.ActiveCfg = Debug|Any CPU
		{B7D3E5B0-EC3B-4DE7-878E-8FDEB4250D9B}.Debug|x64.Build.0 = Debug|Any CPU
		{B7D3E5B0-EC3B-4DE7-878E-8FDEB4250D9B}.Debug|x86.ActiveCfg = Debug|Any CPU
		{B7D3E5B0-EC3B-4DE7-878E-8FDEB4250D9B}.Debug|x86.Build.0 = Debug|Any CPU
		{B7D3E5B0-EC3B-4DE7-878E-8FDEB4250D9B}.Release|Any CPU.ActiveCfg = Release|Any CPU
		{B7D3E5B0-EC3B-4DE7-878E-8FDEB4250D9B}.Release|Any CPU.Build.0 = Release|Any CPU
		{B7D3E5B0-EC3B-4DE7-878E-8FDEB4250D9B}.Release|x64.ActiveCfg = Release|Any CPU
		{B7D3E5B0-EC3B-4DE7-878E-8FDEB4250D9B}.Release|x64.Build.0 = Release|Any CPU
		{B7D3E5B0-EC3B-4DE7-878E-8FDEB4250D9B}.Release|x86.ActiveCfg = Release|Any CPU
		{B7D3E5B0-EC3B-4DE7-878E-8FDEB4250D9B}.Release|x86.Build.0 = Release|Any CPU
		{FED8BCDD-C285-4DC1-BEC2-BEFF907602C3}.Debug|Any CPU.ActiveCfg = Debug|Win32
		{FED8BCDD-C285-4DC1-BEC2-BEFF907602C3}.Debug|x64.ActiveCfg = Debug|x64
		{FED8BCDD-C285-4DC1-BEC2-BEFF907602C3}.Debug|x64.Build.0 = Debug|x64
		{FED8BCDD-C285-4DC1-BEC2-BEFF907602C3}.Debug|x86.ActiveCfg = Debug|Win32
		{FED8BCDD-C285-4DC1-BEC2-BEFF907602C3}.Debug|x86.Build.0 = Debug|Win32
		{FED8BCDD-C285-4DC1-BEC2-BEFF907602C3}.Release|Any CPU.ActiveCfg = Release|Win32
		{FED8BCDD-C285-4DC1-BEC2-BEFF907602C3}.Release|x64.ActiveCfg = Release|x64
		{FED8BCDD-C285-4DC1-BEC2-BEFF907602C3}.Release|x64.Build.0 = Release|x64
		{FED8BCDD-C285-4DC1-BEC2-BEFF907602C3}.Release|x86.ActiveCfg = Release|Win32
		{FED8BCDD-C285-4DC1-BEC2-BEFF907602C3}.Release|x86.Build.0 = Release|Win32
		{B4218BC9-9736-42B9-BC99-7903FDBEBA28}.Debug|Any CPU.ActiveCfg = Debug|Any CPU
		{B4218BC9-9736-42B9-BC99-7903FDBEBA28}.Debug|Any CPU.Build.0 = Debug|Any CPU
		{B4218BC9-9736-42B9-BC99-7903FDBEBA28}.Debug|x64.ActiveCfg = Debug|Any CPU
		{B4218BC9-9736-42B9-BC99-7903FDBEBA28}.Debug|x64.Build.0 = Debug|Any CPU
		{B4218BC9-9736-42B9-BC99-7903FDBEBA28}.Debug|x86.ActiveCfg = Debug|Any CPU
		{B4218BC9-9736-42B9-BC99-7903FDBEBA28}.Debug|x86.Build.0 = Debug|Any CPU
		{B4218BC9-9736-42B9-BC99-7903FDBEBA28}.Release|Any CPU.ActiveCfg = Release|Any CPU
		{B4218BC9-9736-42B9-BC99-7903FDBEBA28}.Release|Any CPU.Build.0 = Release|Any CPU
		{B4218BC9-9736-42B9-BC99-7903FDBEBA28}.Release|x64.ActiveCfg = Release|Any CPU
		{B4218BC9-9736-42B9-BC99-7903FDBEBA28}.Release|x64.Build.0 = Release|Any CPU
		{B4218BC9-9736-42B9-BC99-7903FDBEBA28}.Release|x86.ActiveCfg = Release|Any CPU
		{B4218BC9-9736-42B9-BC99-7903FDBEBA28}.Release|x86.Build.0 = Release|Any CPU
		{345C1C77-07DF-4F18-B3ED-2D5AD9CCDD2E}.Debug|Any CPU.ActiveCfg = Debug|Any CPU
		{345C1C77-07DF-4F18-B3ED-2D5AD9CCDD2E}.Debug|Any CPU.Build.0 = Debug|Any CPU
		{345C1C77-07DF-4F18-B3ED-2D5AD9CCDD2E}.Debug|x64.ActiveCfg = Debug|Any CPU
		{345C1C77-07DF-4F18-B3ED-2D5AD9CCDD2E}.Debug|x64.Build.0 = Debug|Any CPU
		{345C1C77-07DF-4F18-B3ED-2D5AD9CCDD2E}.Debug|x86.ActiveCfg = Debug|Any CPU
		{345C1C77-07DF-4F18-B3ED-2D5AD9CCDD2E}.Debug|x86.Build.0 = Debug|Any CPU
		{345C1C77-07DF-4F18-B3ED-2D5AD9CCDD2E}.Release|Any CPU.ActiveCfg = Release|Any CPU
		{345C1C77-07DF-4F18-B3ED-2D5AD9CCDD2E}.Release|Any CPU.Build.0 = Release|Any CPU
		{345C1C77-07DF-4F18-B3ED-2D5AD9CCDD2E}.Release|x64.ActiveCfg = Release|Any CPU
		{345C1C77-07DF-4F18-B3ED-2D5AD9CCDD2E}.Release|x64.Build.0 = Release|Any CPU
		{345C1C77-07DF-4F18-B3ED-2D5AD9CCDD2E}.Release|x86.ActiveCfg = Release|Any CPU
		{345C1C77-07DF-4F18-B3ED-2D5AD9CCDD2E}.Release|x86.Build.0 = Release|Any CPU
		{0A6F2BBB-D406-4531-9A17-BA0943591834}.Debug|Any CPU.ActiveCfg = Debug|Win32
		{0A6F2BBB-D406-4531-9A17-BA0943591834}.Debug|x64.ActiveCfg = Debug|x64
		{0A6F2BBB-D406-4531-9A17-BA0943591834}.Debug|x64.Build.0 = Debug|x64
		{0A6F2BBB-D406-4531-9A17-BA0943591834}.Debug|x86.ActiveCfg = Debug|Win32
		{0A6F2BBB-D406-4531-9A17-BA0943591834}.Debug|x86.Build.0 = Debug|Win32
		{0A6F2BBB-D406-4531-9A17-BA0943591834}.Release|Any CPU.ActiveCfg = Release|Win32
		{0A6F2BBB-D406-4531-9A17-BA0943591834}.Release|x64.ActiveCfg = Release|x64
		{0A6F2BBB-D406-4531-9A17-BA0943591834}.Release|x64.Build.0 = Release|x64
		{0A6F2BBB-D406-4531-9A17-BA0943591834}.Release|x86.ActiveCfg = Release|Win32
		{0A6F2BBB-D406-4531-9A17-BA0943591834}.Release|x86.Build.0 = Release|Win32
		{D605D046-A881-46B2-B8F0-1182101A8560}.Debug|Any CPU.ActiveCfg = Debug|Any CPU
		{D605D046-A881-46B2-B8F0-1182101A8560}.Debug|Any CPU.Build.0 = Debug|Any CPU
		{D605D046-A881-46B2-B8F0-1182101A8560}.Debug|x64.ActiveCfg = Debug|Any CPU
		{D605D046-A881-46B2-B8F0-1182101A8560}.Debug|x64.Build.0 = Debug|Any CPU
		{D605D046-A881-46B2-B8F0-1182101A8560}.Debug|x86.ActiveCfg = Debug|Any CPU
		{D605D046-A881-46B2-B8F0-1182101A8560}.Debug|x86.Build.0 = Debug|Any CPU
		{D605D046-A881-46B2-B8F0-1182101A8560}.Release|Any CPU.ActiveCfg = Release|Any CPU
		{D605D046-A881-46B2-B8F0-1182101A8560}.Release|Any CPU.Build.0 = Release|Any CPU
		{D605D046-A881-46B2-B8F0-1182101A8560}.Release|x64.ActiveCfg = Release|Any CPU
		{D605D046-A881-46B2-B8F0-1182101A8560}.Release|x64.Build.0 = Release|Any CPU
		{D605D046-A881-46B2-B8F0-1182101A8560}.Release|x86.ActiveCfg = Release|Any CPU
		{D605D046-A881-46B2-B8F0-1182101A8560}.Release|x86.Build.0 = Release|Any CPU
		{A19AD3DC-BAB0-47F9-8D7F-A807DE56DBBE}.Debug|Any CPU.ActiveCfg = Debug|Any CPU
		{A19AD3DC-BAB0-47F9-8D7F-A807DE56DBBE}.Debug|Any CPU.Build.0 = Debug|Any CPU
		{A19AD3DC-BAB0-47F9-8D7F-A807DE56DBBE}.Debug|x64.ActiveCfg = Debug|Any CPU
		{A19AD3DC-BAB0-47F9-8D7F-A807DE56DBBE}.Debug|x64.Build.0 = Debug|Any CPU
		{A19AD3DC-BAB0-47F9-8D7F-A807DE56DBBE}.Debug|x86.ActiveCfg = Debug|Any CPU
		{A19AD3DC-BAB0-47F9-8D7F-A807DE56DBBE}.Debug|x86.Build.0 = Debug|Any CPU
		{A19AD3DC-BAB0-47F9-8D7F-A807DE56DBBE}.Release|Any CPU.ActiveCfg = Release|Any CPU
		{A19AD3DC-BAB0-47F9-8D7F-A807DE56DBBE}.Release|Any CPU.Build.0 = Release|Any CPU
		{A19AD3DC-BAB0-47F9-8D7F-A807DE56DBBE}.Release|x64.ActiveCfg = Release|Any CPU
		{A19AD3DC-BAB0-47F9-8D7F-A807DE56DBBE}.Release|x64.Build.0 = Release|Any CPU
		{A19AD3DC-BAB0-47F9-8D7F-A807DE56DBBE}.Release|x86.ActiveCfg = Release|Any CPU
		{A19AD3DC-BAB0-47F9-8D7F-A807DE56DBBE}.Release|x86.Build.0 = Release|Any CPU
		{FD0DEB04-ECED-4018-96E4-85EE7B5533FE}.Debug|Any CPU.ActiveCfg = Debug|Win32
		{FD0DEB04-ECED-4018-96E4-85EE7B5533FE}.Debug|x64.ActiveCfg = Debug|x64
		{FD0DEB04-ECED-4018-96E4-85EE7B5533FE}.Debug|x64.Build.0 = Debug|x64
		{FD0DEB04-ECED-4018-96E4-85EE7B5533FE}.Debug|x86.ActiveCfg = Debug|Win32
		{FD0DEB04-ECED-4018-96E4-85EE7B5533FE}.Debug|x86.Build.0 = Debug|Win32
		{FD0DEB04-ECED-4018-96E4-85EE7B5533FE}.Release|Any CPU.ActiveCfg = Release|Win32
		{FD0DEB04-ECED-4018-96E4-85EE7B5533FE}.Release|x64.ActiveCfg = Release|x64
		{FD0DEB04-ECED-4018-96E4-85EE7B5533FE}.Release|x64.Build.0 = Release|x64
		{FD0DEB04-ECED-4018-96E4-85EE7B5533FE}.Release|x86.ActiveCfg = Release|Win32
		{FD0DEB04-ECED-4018-96E4-85EE7B5533FE}.Release|x86.Build.0 = Release|Win32
	EndGlobalSection
	GlobalSection(SolutionProperties) = preSolution
		HideSolutionNode = FALSE
	EndGlobalSection
	GlobalSection(NestedProjects) = preSolution
		{345C1C77-07DF-4F18-B3ED-2D5AD9CCDD2E} = {719CACB1-8EAC-4F9A-AD97-784EABBEB794}
		{0A6F2BBB-D406-4531-9A17-BA0943591834} = {719CACB1-8EAC-4F9A-AD97-784EABBEB794}
		{A19AD3DC-BAB0-47F9-8D7F-A807DE56DBBE} = {A1656595-22C0-45A0-A540-1FE49EBC61F3}
		{FD0DEB04-ECED-4018-96E4-85EE7B5533FE} = {719CACB1-8EAC-4F9A-AD97-784EABBEB794}
	EndGlobalSection
	GlobalSection(ExtensibilityGlobals) = postSolution
		SolutionGuid = {5BD823C4-6977-4211-9182-F5A86AEA2310}
	EndGlobalSection
EndGlobal
